
Microsoft Visual Studio Solution File, Format Version 12.00
# Visual Studio 15
VisualStudioVersion = 15.0.26730.12
MinimumVisualStudioVersion = 10.0.40219.1
Project("{FAE04EC0-301F-11D3-BF4B-00C04F79EFBC}") = "TDMtoTDSMigrator", "TDMtoTDSMigrator\TDMtoTDSMigrator.csproj", "{64C5F6DD-5424-47F4-BFF2-66537F419F0F}"
EndProject
Project("{FAE04EC0-301F-11D3-BF4B-00C04F79EFBC}") = "MigratorUI", "MigratorUI\MigratorUI.csproj", "{547A4193-25FE-4B38-8080-61A52CC426B5}"
EndProject
Project("{FAE04EC0-301F-11D3-BF4B-00C04F79EFBC}") = "UnitTests", "UnitTests\UnitTests.csproj", "{24A9B080-E2A3-4636-B94D-34401604A59E}"
EndProject
Global
	GlobalSection(SolutionConfigurationPlatforms) = preSolution
		Debug|Any CPU = Debug|Any CPU
		Release|Any CPU = Release|Any CPU
	EndGlobalSection
	GlobalSection(ProjectConfigurationPlatforms) = postSolution
		{64C5F6DD-5424-47F4-BFF2-66537F419F0F}.Debug|Any CPU.ActiveCfg = Release|Any CPU
		{64C5F6DD-5424-47F4-BFF2-66537F419F0F}.Debug|Any CPU.Build.0 = Release|Any CPU
		{64C5F6DD-5424-47F4-BFF2-66537F419F0F}.Release|Any CPU.ActiveCfg = Release|Any CPU
		{64C5F6DD-5424-47F4-BFF2-66537F419F0F}.Release|Any CPU.Build.0 = Release|Any CPU
		{547A4193-25FE-4B38-8080-61A52CC426B5}.Debug|Any CPU.ActiveCfg = Release|Any CPU
		{547A4193-25FE-4B38-8080-61A52CC426B5}.Debug|Any CPU.Build.0 = Release|Any CPU
		{547A4193-25FE-4B38-8080-61A52CC426B5}.Release|Any CPU.ActiveCfg = Release|Any CPU
		{547A4193-25FE-4B38-8080-61A52CC426B5}.Release|Any CPU.Build.0 = Release|Any CPU
		{24A9B080-E2A3-4636-B94D-34401604A59E}.Debug|Any CPU.ActiveCfg = Debug|Any CPU
		{24A9B080-E2A3-4636-B94D-34401604A59E}.Debug|Any CPU.Build.0 = Debug|Any CPU
		{24A9B080-E2A3-4636-B94D-34401604A59E}.Release|Any CPU.ActiveCfg = Release|Any CPU
		{24A9B080-E2A3-4636-B94D-34401604A59E}.Release|Any CPU.Build.0 = Release|Any CPU
	EndGlobalSection
	GlobalSection(SolutionProperties) = preSolution
		HideSolutionNode = FALSE
	EndGlobalSection
	GlobalSection(ExtensibilityGlobals) = postSolution
		SolutionGuid = {5C7599F5-FBF2-45B3-BFE4-3FB5593049A3}
	EndGlobalSection
EndGlobal
